
Microsoft Visual Studio Solution File, Format Version 12.00
# Visual Studio Version 16
VisualStudioVersion = 16.0.32901.82
MinimumVisualStudioVersion = 10.0.40219.1
Project("{FAE04EC0-301F-11D3-BF4B-00C04F79EFBC}") = "aula10_ex02", "aula10_ex02\aula10_ex02.csproj", "{D663E1E5-338A-47CC-B328-E5C585771032}"
EndProject
Global
	GlobalSection(SolutionConfigurationPlatforms) = preSolution
		Debug|Any CPU = Debug|Any CPU
		Release|Any CPU = Release|Any CPU
	EndGlobalSection
	GlobalSection(ProjectConfigurationPlatforms) = postSolution
		{D663E1E5-338A-47CC-B328-E5C585771032}.Debug|Any CPU.ActiveCfg = Debug|Any CPU
		{D663E1E5-338A-47CC-B328-E5C585771032}.Debug|Any CPU.Build.0 = Debug|Any CPU
		{D663E1E5-338A-47CC-B328-E5C585771032}.Release|Any CPU.ActiveCfg = Release|Any CPU
		{D663E1E5-338A-47CC-B328-E5C585771032}.Release|Any CPU.Build.0 = Release|Any CPU
	EndGlobalSection
	GlobalSection(SolutionProperties) = preSolution
		HideSolutionNode = FALSE
	EndGlobalSection
	GlobalSection(ExtensibilityGlobals) = postSolution
		SolutionGuid = {64534F83-088F-4789-ACC1-2253E5CC2957}
	EndGlobalSection
EndGlobal
