
Microsoft Visual Studio Solution File, Format Version 12.00
# Visual Studio Version 16
VisualStudioVersion = 16.0.32901.82
MinimumVisualStudioVersion = 10.0.40219.1
Project("{FAE04EC0-301F-11D3-BF4B-00C04F79EFBC}") = "aula6_exercicio2", "aula6_exercicio2\aula6_exercicio2.csproj", "{BCBF23EB-FBFE-4AF8-893A-67F3683C5B64}"
EndProject
Global
	GlobalSection(SolutionConfigurationPlatforms) = preSolution
		Debug|Any CPU = Debug|Any CPU
		Release|Any CPU = Release|Any CPU
	EndGlobalSection
	GlobalSection(ProjectConfigurationPlatforms) = postSolution
		{BCBF23EB-FBFE-4AF8-893A-67F3683C5B64}.Debug|Any CPU.ActiveCfg = Debug|Any CPU
		{BCBF23EB-FBFE-4AF8-893A-67F3683C5B64}.Debug|Any CPU.Build.0 = Debug|Any CPU
		{BCBF23EB-FBFE-4AF8-893A-67F3683C5B64}.Release|Any CPU.ActiveCfg = Release|Any CPU
		{BCBF23EB-FBFE-4AF8-893A-67F3683C5B64}.Release|Any CPU.Build.0 = Release|Any CPU
	EndGlobalSection
	GlobalSection(SolutionProperties) = preSolution
		HideSolutionNode = FALSE
	EndGlobalSection
	GlobalSection(ExtensibilityGlobals) = postSolution
		SolutionGuid = {C334D579-1C8C-45D7-8220-8337EB72D740}
	EndGlobalSection
EndGlobal
