
Microsoft Visual Studio Solution File, Format Version 12.00
# Visual Studio Version 16
VisualStudioVersion = 16.0.32901.82
MinimumVisualStudioVersion = 10.0.40219.1
Project("{FAE04EC0-301F-11D3-BF4B-00C04F79EFBC}") = "aula3_exercicio1_soma_numero", "aula3_exercicio1_soma_numero\aula3_exercicio1_soma_numero.csproj", "{11EE8635-9FB7-43D0-82EB-4858642F4ACA}"
EndProject
Global
	GlobalSection(SolutionConfigurationPlatforms) = preSolution
		Debug|Any CPU = Debug|Any CPU
		Release|Any CPU = Release|Any CPU
	EndGlobalSection
	GlobalSection(ProjectConfigurationPlatforms) = postSolution
		{11EE8635-9FB7-43D0-82EB-4858642F4ACA}.Debug|Any CPU.ActiveCfg = Debug|Any CPU
		{11EE8635-9FB7-43D0-82EB-4858642F4ACA}.Debug|Any CPU.Build.0 = Debug|Any CPU
		{11EE8635-9FB7-43D0-82EB-4858642F4ACA}.Release|Any CPU.ActiveCfg = Release|Any CPU
		{11EE8635-9FB7-43D0-82EB-4858642F4ACA}.Release|Any CPU.Build.0 = Release|Any CPU
	EndGlobalSection
	GlobalSection(SolutionProperties) = preSolution
		HideSolutionNode = FALSE
	EndGlobalSection
	GlobalSection(ExtensibilityGlobals) = postSolution
		SolutionGuid = {172C6AD1-47E4-401F-8C6C-734C04A7B16B}
	EndGlobalSection
EndGlobal
