
Microsoft Visual Studio Solution File, Format Version 12.00
# Visual Studio Version 16
VisualStudioVersion = 16.0.32901.82
MinimumVisualStudioVersion = 10.0.40219.1
Project("{FAE04EC0-301F-11D3-BF4B-00C04F79EFBC}") = "aula7_ex3", "aula7_ex3\aula7_ex3.csproj", "{CEDFB175-6F30-43C7-908B-3F1D8DA46750}"
EndProject
Global
	GlobalSection(SolutionConfigurationPlatforms) = preSolution
		Debug|Any CPU = Debug|Any CPU
		Release|Any CPU = Release|Any CPU
	EndGlobalSection
	GlobalSection(ProjectConfigurationPlatforms) = postSolution
		{CEDFB175-6F30-43C7-908B-3F1D8DA46750}.Debug|Any CPU.ActiveCfg = Debug|Any CPU
		{CEDFB175-6F30-43C7-908B-3F1D8DA46750}.Debug|Any CPU.Build.0 = Debug|Any CPU
		{CEDFB175-6F30-43C7-908B-3F1D8DA46750}.Release|Any CPU.ActiveCfg = Release|Any CPU
		{CEDFB175-6F30-43C7-908B-3F1D8DA46750}.Release|Any CPU.Build.0 = Release|Any CPU
	EndGlobalSection
	GlobalSection(SolutionProperties) = preSolution
		HideSolutionNode = FALSE
	EndGlobalSection
	GlobalSection(ExtensibilityGlobals) = postSolution
		SolutionGuid = {69726EF7-8961-4A61-A407-67A4B38898B3}
	EndGlobalSection
EndGlobal
