
Microsoft Visual Studio Solution File, Format Version 12.00
# Visual Studio Version 16
VisualStudioVersion = 16.0.32901.82
MinimumVisualStudioVersion = 10.0.40219.1
Project("{FAE04EC0-301F-11D3-BF4B-00C04F79EFBC}") = "aula4.exercicio5", "aula4.exercicio5\aula4.exercicio5.csproj", "{EA1A00FB-4969-4F04-B446-DB741424A003}"
EndProject
Global
	GlobalSection(SolutionConfigurationPlatforms) = preSolution
		Debug|Any CPU = Debug|Any CPU
		Release|Any CPU = Release|Any CPU
	EndGlobalSection
	GlobalSection(ProjectConfigurationPlatforms) = postSolution
		{EA1A00FB-4969-4F04-B446-DB741424A003}.Debug|Any CPU.ActiveCfg = Debug|Any CPU
		{EA1A00FB-4969-4F04-B446-DB741424A003}.Debug|Any CPU.Build.0 = Debug|Any CPU
		{EA1A00FB-4969-4F04-B446-DB741424A003}.Release|Any CPU.ActiveCfg = Release|Any CPU
		{EA1A00FB-4969-4F04-B446-DB741424A003}.Release|Any CPU.Build.0 = Release|Any CPU
	EndGlobalSection
	GlobalSection(SolutionProperties) = preSolution
		HideSolutionNode = FALSE
	EndGlobalSection
	GlobalSection(ExtensibilityGlobals) = postSolution
		SolutionGuid = {4455C33C-12D9-4F38-AEB5-B7FF0BCAAC0A}
	EndGlobalSection
EndGlobal
