
Microsoft Visual Studio Solution File, Format Version 12.00
# Visual Studio Version 16
VisualStudioVersion = 16.0.32901.82
MinimumVisualStudioVersion = 10.0.40219.1
Project("{FAE04EC0-301F-11D3-BF4B-00C04F79EFBC}") = "aula6_exercicio5", "aula6_exercicio5\aula6_exercicio5.csproj", "{282F4BF3-635D-46A3-B739-0CF4AA551598}"
EndProject
Global
	GlobalSection(SolutionConfigurationPlatforms) = preSolution
		Debug|Any CPU = Debug|Any CPU
		Release|Any CPU = Release|Any CPU
	EndGlobalSection
	GlobalSection(ProjectConfigurationPlatforms) = postSolution
		{282F4BF3-635D-46A3-B739-0CF4AA551598}.Debug|Any CPU.ActiveCfg = Debug|Any CPU
		{282F4BF3-635D-46A3-B739-0CF4AA551598}.Debug|Any CPU.Build.0 = Debug|Any CPU
		{282F4BF3-635D-46A3-B739-0CF4AA551598}.Release|Any CPU.ActiveCfg = Release|Any CPU
		{282F4BF3-635D-46A3-B739-0CF4AA551598}.Release|Any CPU.Build.0 = Release|Any CPU
	EndGlobalSection
	GlobalSection(SolutionProperties) = preSolution
		HideSolutionNode = FALSE
	EndGlobalSection
	GlobalSection(ExtensibilityGlobals) = postSolution
		SolutionGuid = {10E2CA6C-6A27-4149-95FC-CF0676E6BB84}
	EndGlobalSection
EndGlobal
