
Microsoft Visual Studio Solution File, Format Version 12.00
# Visual Studio Version 16
VisualStudioVersion = 16.0.32901.82
MinimumVisualStudioVersion = 10.0.40219.1
Project("{FAE04EC0-301F-11D3-BF4B-00C04F79EFBC}") = "aula7_ex9", "aula7_ex9\aula7_ex9.csproj", "{06404E31-156F-4A1D-B4DA-62A07BE9487F}"
EndProject
Global
	GlobalSection(SolutionConfigurationPlatforms) = preSolution
		Debug|Any CPU = Debug|Any CPU
		Release|Any CPU = Release|Any CPU
	EndGlobalSection
	GlobalSection(ProjectConfigurationPlatforms) = postSolution
		{06404E31-156F-4A1D-B4DA-62A07BE9487F}.Debug|Any CPU.ActiveCfg = Debug|Any CPU
		{06404E31-156F-4A1D-B4DA-62A07BE9487F}.Debug|Any CPU.Build.0 = Debug|Any CPU
		{06404E31-156F-4A1D-B4DA-62A07BE9487F}.Release|Any CPU.ActiveCfg = Release|Any CPU
		{06404E31-156F-4A1D-B4DA-62A07BE9487F}.Release|Any CPU.Build.0 = Release|Any CPU
	EndGlobalSection
	GlobalSection(SolutionProperties) = preSolution
		HideSolutionNode = FALSE
	EndGlobalSection
	GlobalSection(ExtensibilityGlobals) = postSolution
		SolutionGuid = {4387E6F9-AB18-4641-8550-D381EC837BD6}
	EndGlobalSection
EndGlobal
