
Microsoft Visual Studio Solution File, Format Version 12.00
# Visual Studio Version 16
VisualStudioVersion = 16.0.32901.82
MinimumVisualStudioVersion = 10.0.40219.1
Project("{FAE04EC0-301F-11D3-BF4B-00C04F79EFBC}") = "WinFormsApp1", "WinFormsApp1\WinFormsApp1.csproj", "{BC8046F5-3C3A-4800-AF5A-9D4647D7D798}"
EndProject
Global
	GlobalSection(SolutionConfigurationPlatforms) = preSolution
		Debug|Any CPU = Debug|Any CPU
		Release|Any CPU = Release|Any CPU
	EndGlobalSection
	GlobalSection(ProjectConfigurationPlatforms) = postSolution
		{BC8046F5-3C3A-4800-AF5A-9D4647D7D798}.Debug|Any CPU.ActiveCfg = Debug|Any CPU
		{BC8046F5-3C3A-4800-AF5A-9D4647D7D798}.Debug|Any CPU.Build.0 = Debug|Any CPU
		{BC8046F5-3C3A-4800-AF5A-9D4647D7D798}.Release|Any CPU.ActiveCfg = Release|Any CPU
		{BC8046F5-3C3A-4800-AF5A-9D4647D7D798}.Release|Any CPU.Build.0 = Release|Any CPU
	EndGlobalSection
	GlobalSection(SolutionProperties) = preSolution
		HideSolutionNode = FALSE
	EndGlobalSection
	GlobalSection(ExtensibilityGlobals) = postSolution
		SolutionGuid = {4F9423C9-7454-457F-B291-CFFA0F6BA214}
	EndGlobalSection
EndGlobal
