
Microsoft Visual Studio Solution File, Format Version 12.00
# Visual Studio Version 16
VisualStudioVersion = 16.0.32901.82
MinimumVisualStudioVersion = 10.0.40219.1
Project("{FAE04EC0-301F-11D3-BF4B-00C04F79EFBC}") = "aula4_exercicio6", "aula4_exercicio6\aula4_exercicio6.csproj", "{37D1A276-D411-4D11-915F-E0FB7107ECC3}"
EndProject
Global
	GlobalSection(SolutionConfigurationPlatforms) = preSolution
		Debug|Any CPU = Debug|Any CPU
		Release|Any CPU = Release|Any CPU
	EndGlobalSection
	GlobalSection(ProjectConfigurationPlatforms) = postSolution
		{37D1A276-D411-4D11-915F-E0FB7107ECC3}.Debug|Any CPU.ActiveCfg = Debug|Any CPU
		{37D1A276-D411-4D11-915F-E0FB7107ECC3}.Debug|Any CPU.Build.0 = Debug|Any CPU
		{37D1A276-D411-4D11-915F-E0FB7107ECC3}.Release|Any CPU.ActiveCfg = Release|Any CPU
		{37D1A276-D411-4D11-915F-E0FB7107ECC3}.Release|Any CPU.Build.0 = Release|Any CPU
	EndGlobalSection
	GlobalSection(SolutionProperties) = preSolution
		HideSolutionNode = FALSE
	EndGlobalSection
	GlobalSection(ExtensibilityGlobals) = postSolution
		SolutionGuid = {12F4C9D3-C773-40B0-B814-B7B02124F919}
	EndGlobalSection
EndGlobal
