
Microsoft Visual Studio Solution File, Format Version 12.00
# Visual Studio Version 16
VisualStudioVersion = 16.0.32901.82
MinimumVisualStudioVersion = 10.0.40219.1
Project("{FAE04EC0-301F-11D3-BF4B-00C04F79EFBC}") = "aula6_exercicio4", "aula6_exercicio4\aula6_exercicio4.csproj", "{5B9DB3A2-352D-4B6D-BE4A-DDFFC7E34F93}"
EndProject
Global
	GlobalSection(SolutionConfigurationPlatforms) = preSolution
		Debug|Any CPU = Debug|Any CPU
		Release|Any CPU = Release|Any CPU
	EndGlobalSection
	GlobalSection(ProjectConfigurationPlatforms) = postSolution
		{5B9DB3A2-352D-4B6D-BE4A-DDFFC7E34F93}.Debug|Any CPU.ActiveCfg = Debug|Any CPU
		{5B9DB3A2-352D-4B6D-BE4A-DDFFC7E34F93}.Debug|Any CPU.Build.0 = Debug|Any CPU
		{5B9DB3A2-352D-4B6D-BE4A-DDFFC7E34F93}.Release|Any CPU.ActiveCfg = Release|Any CPU
		{5B9DB3A2-352D-4B6D-BE4A-DDFFC7E34F93}.Release|Any CPU.Build.0 = Release|Any CPU
	EndGlobalSection
	GlobalSection(SolutionProperties) = preSolution
		HideSolutionNode = FALSE
	EndGlobalSection
	GlobalSection(ExtensibilityGlobals) = postSolution
		SolutionGuid = {C6C8B057-0D9A-4C04-A3EF-72404BE9C888}
	EndGlobalSection
EndGlobal
